
Microsoft Visual Studio Solution File, Format Version 12.00
# Visual Studio Version 17
VisualStudioVersion = 17.5.002.0
MinimumVisualStudioVersion = 10.0.40219.1
Project("{9A19103F-16F7-4668-BE54-9A1E7A4F7556}") = "Rent.Vehicles.Database", "Rent.Vehicles.Database.csproj", "{1EDC898F-43B1-478D-B896-5023E6AEEF27}"
EndProject
Global
	GlobalSection(SolutionConfigurationPlatforms) = preSolution
		Debug|Any CPU = Debug|Any CPU
		Release|Any CPU = Release|Any CPU
	EndGlobalSection
	GlobalSection(ProjectConfigurationPlatforms) = postSolution
		{1EDC898F-43B1-478D-B896-5023E6AEEF27}.Debug|Any CPU.ActiveCfg = Debug|Any CPU
		{1EDC898F-43B1-478D-B896-5023E6AEEF27}.Debug|Any CPU.Build.0 = Debug|Any CPU
		{1EDC898F-43B1-478D-B896-5023E6AEEF27}.Release|Any CPU.ActiveCfg = Release|Any CPU
		{1EDC898F-43B1-478D-B896-5023E6AEEF27}.Release|Any CPU.Build.0 = Release|Any CPU
	EndGlobalSection
	GlobalSection(SolutionProperties) = preSolution
		HideSolutionNode = FALSE
	EndGlobalSection
	GlobalSection(ExtensibilityGlobals) = postSolution
		SolutionGuid = {E6AD4BA4-CF13-411E-9110-E09AD79DCC68}
	EndGlobalSection
EndGlobal
